
Microsoft Visual Studio Solution File, Format Version 12.00
# Visual Studio Version 16
VisualStudioVersion = 16.0.30011.22
MinimumVisualStudioVersion = 10.0.40219.1
Project("{FAE04EC0-301F-11D3-BF4B-00C04F79EFBC}") = "CinemaFlix", "CinemaFlix\CinemaFlix.csproj", "{CD05C57D-74B9-43BC-B4C6-44C7091D278A}"
EndProject
Global
	GlobalSection(SolutionConfigurationPlatforms) = preSolution
		Debug|Any CPU = Debug|Any CPU
		Release|Any CPU = Release|Any CPU
	EndGlobalSection
	GlobalSection(ProjectConfigurationPlatforms) = postSolution
		{CD05C57D-74B9-43BC-B4C6-44C7091D278A}.Debug|Any CPU.ActiveCfg = Debug|Any CPU
		{CD05C57D-74B9-43BC-B4C6-44C7091D278A}.Debug|Any CPU.Build.0 = Debug|Any CPU
		{CD05C57D-74B9-43BC-B4C6-44C7091D278A}.Release|Any CPU.ActiveCfg = Release|Any CPU
		{CD05C57D-74B9-43BC-B4C6-44C7091D278A}.Release|Any CPU.Build.0 = Release|Any CPU
	EndGlobalSection
	GlobalSection(SolutionProperties) = preSolution
		HideSolutionNode = FALSE
	EndGlobalSection
	GlobalSection(ExtensibilityGlobals) = postSolution
		SolutionGuid = {1B7241EF-7BD6-41D1-A675-F25B7690E805}
	EndGlobalSection
EndGlobal
